
Microsoft Visual Studio Solution File, Format Version 12.00
# Visual Studio 15
VisualStudioVersion = 15.0.28307.852
MinimumVisualStudioVersion = 10.0.40219.1
Project("{FAE04EC0-301F-11D3-BF4B-00C04F79EFBC}") = "UdpEchoServer", "UdpEchoServer\UdpEchoServer.csproj", "{A473A14E-AE3B-41E5-9F07-E55B6DE82DDD}"
EndProject
Project("{FAE04EC0-301F-11D3-BF4B-00C04F79EFBC}") = "UdpEchoClient", "UdpEchoClient\UdpEchoClient.csproj", "{ECACF338-B989-4396-A9DD-1B320FEC2837}"
EndProject
Global
	GlobalSection(SolutionConfigurationPlatforms) = preSolution
		Debug|Any CPU = Debug|Any CPU
		Release|Any CPU = Release|Any CPU
	EndGlobalSection
	GlobalSection(ProjectConfigurationPlatforms) = postSolution
		{A473A14E-AE3B-41E5-9F07-E55B6DE82DDD}.Debug|Any CPU.ActiveCfg = Debug|Any CPU
		{A473A14E-AE3B-41E5-9F07-E55B6DE82DDD}.Debug|Any CPU.Build.0 = Debug|Any CPU
		{A473A14E-AE3B-41E5-9F07-E55B6DE82DDD}.Release|Any CPU.ActiveCfg = Release|Any CPU
		{A473A14E-AE3B-41E5-9F07-E55B6DE82DDD}.Release|Any CPU.Build.0 = Release|Any CPU
		{ECACF338-B989-4396-A9DD-1B320FEC2837}.Debug|Any CPU.ActiveCfg = Debug|Any CPU
		{ECACF338-B989-4396-A9DD-1B320FEC2837}.Debug|Any CPU.Build.0 = Debug|Any CPU
		{ECACF338-B989-4396-A9DD-1B320FEC2837}.Release|Any CPU.ActiveCfg = Release|Any CPU
		{ECACF338-B989-4396-A9DD-1B320FEC2837}.Release|Any CPU.Build.0 = Release|Any CPU
	EndGlobalSection
	GlobalSection(SolutionProperties) = preSolution
		HideSolutionNode = FALSE
	EndGlobalSection
	GlobalSection(ExtensibilityGlobals) = postSolution
		SolutionGuid = {EE649D28-990C-48E1-9B0B-78316F60DEF5}
	EndGlobalSection
EndGlobal
